
Microsoft Visual Studio Solution File, Format Version 12.00
# Visual Studio Version 17
VisualStudioVersion = 17.14.36109.1
MinimumVisualStudioVersion = 10.0.40219.1
Project("{FAE04EC0-301F-11D3-BF4B-00C04F79EFBC}") = "MouseDummy", "MouseDummy.csproj", "{3C2FAB0B-4DAE-45E5-94BE-5D69ADBF7462}"
EndProject
Global
	GlobalSection(SolutionConfigurationPlatforms) = preSolution
		Debug|Any CPU = Debug|Any CPU
		Release|Any CPU = Release|Any CPU
	EndGlobalSection
	GlobalSection(ProjectConfigurationPlatforms) = postSolution
		{3C2FAB0B-4DAE-45E5-94BE-5D69ADBF7462}.Debug|Any CPU.ActiveCfg = Debug|Any CPU
		{3C2FAB0B-4DAE-45E5-94BE-5D69ADBF7462}.Debug|Any CPU.Build.0 = Debug|Any CPU
		{3C2FAB0B-4DAE-45E5-94BE-5D69ADBF7462}.Release|Any CPU.ActiveCfg = Release|Any CPU
		{3C2FAB0B-4DAE-45E5-94BE-5D69ADBF7462}.Release|Any CPU.Build.0 = Release|Any CPU
	EndGlobalSection
	GlobalSection(SolutionProperties) = preSolution
		HideSolutionNode = FALSE
	EndGlobalSection
	GlobalSection(ExtensibilityGlobals) = postSolution
		SolutionGuid = {9E1F9D89-A352-4BF4-B74F-95A8870EA568}
	EndGlobalSection
EndGlobal
